
Microsoft Visual Studio Solution File, Format Version 12.00
# Visual Studio Version 16
VisualStudioVersion = 16.0.29509.3
MinimumVisualStudioVersion = 10.0.40219.1
Project("{FAE04EC0-301F-11D3-BF4B-00C04F79EFBC}") = "FinalChallengeAPI", "FinalChallengeAPI\FinalChallengeAPI.csproj", "{D6FDCA9A-6CFD-4C22-958E-3588E60570D1}"
EndProject
Global
	GlobalSection(SolutionConfigurationPlatforms) = preSolution
		Debug|Any CPU = Debug|Any CPU
		Release|Any CPU = Release|Any CPU
	EndGlobalSection
	GlobalSection(ProjectConfigurationPlatforms) = postSolution
		{D6FDCA9A-6CFD-4C22-958E-3588E60570D1}.Debug|Any CPU.ActiveCfg = Debug|Any CPU
		{D6FDCA9A-6CFD-4C22-958E-3588E60570D1}.Debug|Any CPU.Build.0 = Debug|Any CPU
		{D6FDCA9A-6CFD-4C22-958E-3588E60570D1}.Release|Any CPU.ActiveCfg = Release|Any CPU
		{D6FDCA9A-6CFD-4C22-958E-3588E60570D1}.Release|Any CPU.Build.0 = Release|Any CPU
	EndGlobalSection
	GlobalSection(SolutionProperties) = preSolution
		HideSolutionNode = FALSE
	EndGlobalSection
	GlobalSection(ExtensibilityGlobals) = postSolution
		SolutionGuid = {8A5EE9CD-F309-4113-84B3-81B0F0589AB3}
	EndGlobalSection
EndGlobal
